
Microsoft Visual Studio Solution File, Format Version 12.00
# Visual Studio Version 17
VisualStudioVersion = 17.2.32630.192
MinimumVisualStudioVersion = 10.0.40219.1
Project("{9A19103F-16F7-4668-BE54-9A1E7A4F7556}") = "Engine", "Engine\Engine.csproj", "{5F8EF598-7929-4B74-8A03-0ADEE3530A3B}"
EndProject
Project("{9A19103F-16F7-4668-BE54-9A1E7A4F7556}") = "Raylib-cs", "Engine\Core\Framework\Raylib-cs 4.2.0\Raylib-cs.csproj", "{E5D4B50D-21DE-40B0-BEAF-51B501879228}"
EndProject
Project("{FAE04EC0-301F-11D3-BF4B-00C04F79EFBC}") = "Orbit", "Orbit\Orbit.csproj", "{FA01AA64-E2F0-43AD-8A54-46AF7357E2D1}"
	ProjectSection(ProjectDependencies) = postProject
		{5F8EF598-7929-4B74-8A03-0ADEE3530A3B} = {5F8EF598-7929-4B74-8A03-0ADEE3530A3B}
	EndProjectSection
EndProject
Global
	GlobalSection(SolutionConfigurationPlatforms) = preSolution
		Debug|Any CPU = Debug|Any CPU
		Release|Any CPU = Release|Any CPU
	EndGlobalSection
	GlobalSection(ProjectConfigurationPlatforms) = postSolution
		{5F8EF598-7929-4B74-8A03-0ADEE3530A3B}.Debug|Any CPU.ActiveCfg = Debug|Any CPU
		{5F8EF598-7929-4B74-8A03-0ADEE3530A3B}.Debug|Any CPU.Build.0 = Debug|Any CPU
		{5F8EF598-7929-4B74-8A03-0ADEE3530A3B}.Release|Any CPU.ActiveCfg = Release|Any CPU
		{5F8EF598-7929-4B74-8A03-0ADEE3530A3B}.Release|Any CPU.Build.0 = Release|Any CPU
		{E5D4B50D-21DE-40B0-BEAF-51B501879228}.Debug|Any CPU.ActiveCfg = Debug|Any CPU
		{E5D4B50D-21DE-40B0-BEAF-51B501879228}.Debug|Any CPU.Build.0 = Debug|Any CPU
		{E5D4B50D-21DE-40B0-BEAF-51B501879228}.Release|Any CPU.ActiveCfg = Release|Any CPU
		{E5D4B50D-21DE-40B0-BEAF-51B501879228}.Release|Any CPU.Build.0 = Release|Any CPU
		{FA01AA64-E2F0-43AD-8A54-46AF7357E2D1}.Debug|Any CPU.ActiveCfg = Debug|Any CPU
		{FA01AA64-E2F0-43AD-8A54-46AF7357E2D1}.Debug|Any CPU.Build.0 = Debug|Any CPU
		{FA01AA64-E2F0-43AD-8A54-46AF7357E2D1}.Release|Any CPU.ActiveCfg = Release|Any CPU
		{FA01AA64-E2F0-43AD-8A54-46AF7357E2D1}.Release|Any CPU.Build.0 = Release|Any CPU
	EndGlobalSection
	GlobalSection(SolutionProperties) = preSolution
		HideSolutionNode = FALSE
	EndGlobalSection
	GlobalSection(ExtensibilityGlobals) = postSolution
		SolutionGuid = {5F8F64B6-3832-4E94-8B1E-4C220B96F093}
	EndGlobalSection
EndGlobal
